
Microsoft Visual Studio Solution File, Format Version 12.00
# Visual Studio Version 16
VisualStudioVersion = 16.0.30503.244
MinimumVisualStudioVersion = 10.0.40219.1
Project("{FAE04EC0-301F-11D3-BF4B-00C04F79EFBC}") = "Shoping Cart", "Shoping Cart\Shoping Cart.csproj", "{9E26C8E9-5214-4619-A4F7-58D6D6988361}"
EndProject
Global
	GlobalSection(SolutionConfigurationPlatforms) = preSolution
		Debug|Any CPU = Debug|Any CPU
		Release|Any CPU = Release|Any CPU
	EndGlobalSection
	GlobalSection(ProjectConfigurationPlatforms) = postSolution
		{9E26C8E9-5214-4619-A4F7-58D6D6988361}.Debug|Any CPU.ActiveCfg = Debug|Any CPU
		{9E26C8E9-5214-4619-A4F7-58D6D6988361}.Debug|Any CPU.Build.0 = Debug|Any CPU
		{9E26C8E9-5214-4619-A4F7-58D6D6988361}.Release|Any CPU.ActiveCfg = Release|Any CPU
		{9E26C8E9-5214-4619-A4F7-58D6D6988361}.Release|Any CPU.Build.0 = Release|Any CPU
	EndGlobalSection
	GlobalSection(SolutionProperties) = preSolution
		HideSolutionNode = FALSE
	EndGlobalSection
	GlobalSection(ExtensibilityGlobals) = postSolution
		SolutionGuid = {CCA63383-6FB5-4614-B24D-7C81A6987D99}
	EndGlobalSection
EndGlobal
